
Microsoft Visual Studio Solution File, Format Version 12.00
# Visual Studio Version 17
VisualStudioVersion = 17.2.32616.157
MinimumVisualStudioVersion = 10.0.40219.1
Project("{FAE04EC0-301F-11D3-BF4B-00C04F79EFBC}") = "Test task selfwork.ru", "Test task selfwork.ru.csproj", "{E960D6FB-733A-431D-B4DA-1EB3742A1E1F}"
EndProject
Global
	GlobalSection(SolutionConfigurationPlatforms) = preSolution
		Debug|Any CPU = Debug|Any CPU
		Release|Any CPU = Release|Any CPU
	EndGlobalSection
	GlobalSection(ProjectConfigurationPlatforms) = postSolution
		{E960D6FB-733A-431D-B4DA-1EB3742A1E1F}.Debug|Any CPU.ActiveCfg = Debug|Any CPU
		{E960D6FB-733A-431D-B4DA-1EB3742A1E1F}.Debug|Any CPU.Build.0 = Debug|Any CPU
		{E960D6FB-733A-431D-B4DA-1EB3742A1E1F}.Release|Any CPU.ActiveCfg = Release|Any CPU
		{E960D6FB-733A-431D-B4DA-1EB3742A1E1F}.Release|Any CPU.Build.0 = Release|Any CPU
	EndGlobalSection
	GlobalSection(SolutionProperties) = preSolution
		HideSolutionNode = FALSE
	EndGlobalSection
	GlobalSection(ExtensibilityGlobals) = postSolution
		SolutionGuid = {2F41E2F9-F156-44A6-9388-A0DFF51B493A}
	EndGlobalSection
EndGlobal
